
Microsoft Visual Studio Solution File, Format Version 12.00
# Visual Studio Version 17
VisualStudioVersion = 17.10.34916.146
MinimumVisualStudioVersion = 10.0.40219.1
Project("{2150E333-8FDC-42A3-9474-1A3956D46DE8}") = "Solution Items", "Solution Items", "{5429CC10-AAD2-460D-969C-F4D69AFE55E9}"
	ProjectSection(SolutionItems) = preProject
		.editorconfig = .editorconfig
		docker-compose.yml = docker-compose.yml
		examples.md = examples.md
		README.md = README.md
	EndProjectSection
EndProject
Project("{2150E333-8FDC-42A3-9474-1A3956D46DE8}") = "VendorManagement", "VendorManagement", "{8E25F28B-CE52-4438-9786-12606285487B}"
EndProject
Project("{2150E333-8FDC-42A3-9474-1A3956D46DE8}") = "src", "src", "{2E376E7B-A843-48A7-9137-F3804BCC16A8}"
EndProject
Project("{2150E333-8FDC-42A3-9474-1A3956D46DE8}") = "tests", "tests", "{FBFE4B57-011D-4FC3-9A8A-C6B612EC241B}"
EndProject
Project("{9A19103F-16F7-4668-BE54-9A1E7A4F7556}") = "BRP.VendorManagement.API", "VendorManagement\src\BRP.VendorManagement.API\BRP.VendorManagement.API.csproj", "{97F947B6-850D-41A0-A5B4-9217FE341835}"
EndProject
Project("{9A19103F-16F7-4668-BE54-9A1E7A4F7556}") = "BRP.VendorManagement.Application", "VendorManagement\src\BRP.VendorManagement.Application\BRP.VendorManagement.Application.csproj", "{2E0E7867-92FE-45BA-9241-8501A2743521}"
EndProject
Project("{9A19103F-16F7-4668-BE54-9A1E7A4F7556}") = "BRP.VendorManagement.Domain", "VendorManagement\src\BRP.VendorManagement.Domain\BRP.VendorManagement.Domain.csproj", "{714EA147-97CE-46E4-AECC-825C7F994F99}"
EndProject
Project("{9A19103F-16F7-4668-BE54-9A1E7A4F7556}") = "BRP.VendorManagement.Infrastructure", "VendorManagement\src\BRP.VendorManagement.Infrastructure\BRP.VendorManagement.Infrastructure.csproj", "{35914CDF-B994-4875-BA25-CAFC30549937}"
EndProject
Project("{9A19103F-16F7-4668-BE54-9A1E7A4F7556}") = "BRP.VendorManagement.Tests.Unit", "VendorManagement\tests\BRP.VendorManagement.Tests.Unit\BRP.VendorManagement.Tests.Unit.csproj", "{689CD3FE-A6E4-489E-8FA4-0EBBF24A3F6D}"
EndProject
Project("{9A19103F-16F7-4668-BE54-9A1E7A4F7556}") = "BRPartners.Shared", "BRPartners.Common\BRPartners.Shared.csproj", "{037DAB27-CD9B-4DD5-A45B-5EE325DB6B06}"
EndProject
Project("{2150E333-8FDC-42A3-9474-1A3956D46DE8}") = "Mailer", "Mailer", "{51B785B8-68D5-4D78-B6B3-290BFF584FA5}"
EndProject
Project("{9A19103F-16F7-4668-BE54-9A1E7A4F7556}") = "BRP.Mailer.API", "Mailer\src\BRP.Mailer.API\BRP.Mailer.API.csproj", "{17A9CE2C-DCD2-41E9-BB4D-D3C1B0E53C9D}"
EndProject
Project("{2150E333-8FDC-42A3-9474-1A3956D46DE8}") = "src", "src", "{8332EB4B-7E39-46F7-988D-7360ED3228EE}"
EndProject
Project("{2150E333-8FDC-42A3-9474-1A3956D46DE8}") = "tests", "tests", "{D1F5D7A9-A4B7-427C-A697-788A7E2CA60D}"
EndProject
Project("{9A19103F-16F7-4668-BE54-9A1E7A4F7556}") = "BRP.Mailer.Tests.Arch", "Mailer\tests\BRP.Mailer.Tests.Architecture\BRP.Mailer.Tests.Arch.csproj", "{84075D30-A32F-408A-9CC0-36D4DE945384}"
EndProject
Global
	GlobalSection(SolutionConfigurationPlatforms) = preSolution
		Debug|Any CPU = Debug|Any CPU
		Release|Any CPU = Release|Any CPU
	EndGlobalSection
	GlobalSection(ProjectConfigurationPlatforms) = postSolution
		{97F947B6-850D-41A0-A5B4-9217FE341835}.Debug|Any CPU.ActiveCfg = Debug|Any CPU
		{97F947B6-850D-41A0-A5B4-9217FE341835}.Debug|Any CPU.Build.0 = Debug|Any CPU
		{97F947B6-850D-41A0-A5B4-9217FE341835}.Release|Any CPU.ActiveCfg = Release|Any CPU
		{97F947B6-850D-41A0-A5B4-9217FE341835}.Release|Any CPU.Build.0 = Release|Any CPU
		{2E0E7867-92FE-45BA-9241-8501A2743521}.Debug|Any CPU.ActiveCfg = Debug|Any CPU
		{2E0E7867-92FE-45BA-9241-8501A2743521}.Debug|Any CPU.Build.0 = Debug|Any CPU
		{2E0E7867-92FE-45BA-9241-8501A2743521}.Release|Any CPU.ActiveCfg = Release|Any CPU
		{2E0E7867-92FE-45BA-9241-8501A2743521}.Release|Any CPU.Build.0 = Release|Any CPU
		{714EA147-97CE-46E4-AECC-825C7F994F99}.Debug|Any CPU.ActiveCfg = Debug|Any CPU
		{714EA147-97CE-46E4-AECC-825C7F994F99}.Debug|Any CPU.Build.0 = Debug|Any CPU
		{714EA147-97CE-46E4-AECC-825C7F994F99}.Release|Any CPU.ActiveCfg = Release|Any CPU
		{714EA147-97CE-46E4-AECC-825C7F994F99}.Release|Any CPU.Build.0 = Release|Any CPU
		{35914CDF-B994-4875-BA25-CAFC30549937}.Debug|Any CPU.ActiveCfg = Debug|Any CPU
		{35914CDF-B994-4875-BA25-CAFC30549937}.Debug|Any CPU.Build.0 = Debug|Any CPU
		{35914CDF-B994-4875-BA25-CAFC30549937}.Release|Any CPU.ActiveCfg = Release|Any CPU
		{35914CDF-B994-4875-BA25-CAFC30549937}.Release|Any CPU.Build.0 = Release|Any CPU
		{689CD3FE-A6E4-489E-8FA4-0EBBF24A3F6D}.Debug|Any CPU.ActiveCfg = Debug|Any CPU
		{689CD3FE-A6E4-489E-8FA4-0EBBF24A3F6D}.Debug|Any CPU.Build.0 = Debug|Any CPU
		{689CD3FE-A6E4-489E-8FA4-0EBBF24A3F6D}.Release|Any CPU.ActiveCfg = Release|Any CPU
		{689CD3FE-A6E4-489E-8FA4-0EBBF24A3F6D}.Release|Any CPU.Build.0 = Release|Any CPU
		{037DAB27-CD9B-4DD5-A45B-5EE325DB6B06}.Debug|Any CPU.ActiveCfg = Debug|Any CPU
		{037DAB27-CD9B-4DD5-A45B-5EE325DB6B06}.Debug|Any CPU.Build.0 = Debug|Any CPU
		{037DAB27-CD9B-4DD5-A45B-5EE325DB6B06}.Release|Any CPU.ActiveCfg = Release|Any CPU
		{037DAB27-CD9B-4DD5-A45B-5EE325DB6B06}.Release|Any CPU.Build.0 = Release|Any CPU
		{17A9CE2C-DCD2-41E9-BB4D-D3C1B0E53C9D}.Debug|Any CPU.ActiveCfg = Debug|Any CPU
		{17A9CE2C-DCD2-41E9-BB4D-D3C1B0E53C9D}.Debug|Any CPU.Build.0 = Debug|Any CPU
		{17A9CE2C-DCD2-41E9-BB4D-D3C1B0E53C9D}.Release|Any CPU.ActiveCfg = Release|Any CPU
		{17A9CE2C-DCD2-41E9-BB4D-D3C1B0E53C9D}.Release|Any CPU.Build.0 = Release|Any CPU
		{84075D30-A32F-408A-9CC0-36D4DE945384}.Debug|Any CPU.ActiveCfg = Debug|Any CPU
		{84075D30-A32F-408A-9CC0-36D4DE945384}.Debug|Any CPU.Build.0 = Debug|Any CPU
		{84075D30-A32F-408A-9CC0-36D4DE945384}.Release|Any CPU.ActiveCfg = Release|Any CPU
		{84075D30-A32F-408A-9CC0-36D4DE945384}.Release|Any CPU.Build.0 = Release|Any CPU
	EndGlobalSection
	GlobalSection(SolutionProperties) = preSolution
		HideSolutionNode = FALSE
	EndGlobalSection
	GlobalSection(NestedProjects) = preSolution
		{2E376E7B-A843-48A7-9137-F3804BCC16A8} = {8E25F28B-CE52-4438-9786-12606285487B}
		{FBFE4B57-011D-4FC3-9A8A-C6B612EC241B} = {8E25F28B-CE52-4438-9786-12606285487B}
		{97F947B6-850D-41A0-A5B4-9217FE341835} = {2E376E7B-A843-48A7-9137-F3804BCC16A8}
		{2E0E7867-92FE-45BA-9241-8501A2743521} = {2E376E7B-A843-48A7-9137-F3804BCC16A8}
		{714EA147-97CE-46E4-AECC-825C7F994F99} = {2E376E7B-A843-48A7-9137-F3804BCC16A8}
		{35914CDF-B994-4875-BA25-CAFC30549937} = {2E376E7B-A843-48A7-9137-F3804BCC16A8}
		{689CD3FE-A6E4-489E-8FA4-0EBBF24A3F6D} = {FBFE4B57-011D-4FC3-9A8A-C6B612EC241B}
		{17A9CE2C-DCD2-41E9-BB4D-D3C1B0E53C9D} = {8332EB4B-7E39-46F7-988D-7360ED3228EE}
		{8332EB4B-7E39-46F7-988D-7360ED3228EE} = {51B785B8-68D5-4D78-B6B3-290BFF584FA5}
		{D1F5D7A9-A4B7-427C-A697-788A7E2CA60D} = {51B785B8-68D5-4D78-B6B3-290BFF584FA5}
		{84075D30-A32F-408A-9CC0-36D4DE945384} = {D1F5D7A9-A4B7-427C-A697-788A7E2CA60D}
	EndGlobalSection
	GlobalSection(ExtensibilityGlobals) = postSolution
		SolutionGuid = {CB033572-4AA3-4527-811C-5179A07BB992}
	EndGlobalSection
EndGlobal
